{
  "nodes": {
    "fenix": {
      "inputs": {
        "nixpkgs": "nixpkgs",
        "rust-analyzer-src": "rust-analyzer-src"
      },
      "locked": {
        "lastModified": 1732257345,
        "narHash": "sha256-YetzCpGzm7RnSHIUhSqljv3iLOGdg/XufbUvMOrC7tg=",
        "owner": "nix-community",
        "repo": "fenix",
        "rev": "3b89d5df39afc6ef3a8575fa92d8fa10ec68c95f",
        "type": "github"
      },
      "original": {
        "owner": "nix-community",
        "repo": "fenix",
        "type": "github"
      }
    },
    "home-manager": {
      "inputs": {
        "nixpkgs": [
          "nixpkgs"
        ]
      },
      "locked": {
        "lastModified": 1732025103,
        "narHash": "sha256-qjEI64RKvDxRyEarY0jTzrZMa8ebezh2DEZmJJrpVdo=",
        "owner": "nix-community",
        "repo": "home-manager",
        "rev": "a46e702093a5c46e192243edbd977d5749e7f294",
        "type": "github"
      },
      "original": {
        "owner": "nix-community",
        "repo": "home-manager",
        "type": "github"
      }
    },
    "nixpkgs": {
      "locked": {
        "lastModified": 1732014248,
        "narHash": "sha256-y/MEyuJ5oBWrWAic/14LaIr/u5E0wRVzyYsouYY3W6w=",
        "owner": "nixos",
        "repo": "nixpkgs",
        "rev": "23e89b7da85c3640bbc2173fe04f4bd114342367",
        "type": "github"
      },
      "original": {
        "owner": "nixos",
        "ref": "nixos-unstable",
        "repo": "nixpkgs",
        "type": "github"
      }
    },
    "nixpkgs-mozilla": {
      "locked": {
        "lastModified": 1704373101,
        "narHash": "sha256-+gi59LRWRQmwROrmE1E2b3mtocwueCQqZ60CwLG+gbg=",
        "owner": "mozilla",
        "repo": "nixpkgs-mozilla",
        "rev": "9b11a87c0cc54e308fa83aac5b4ee1816d5418a2",
        "type": "github"
      },
      "original": {
        "owner": "mozilla",
        "repo": "nixpkgs-mozilla",
        "type": "github"
      }
    },
    "nixpkgs_2": {
      "locked": {
        "lastModified": 1732291347,
        "narHash": "sha256-u0tRy1rZeqTfBW2vCzVDUMzTn6vCnj9p+jUZKt7q5wY=",
        "owner": "nixos",
        "repo": "nixpkgs",
        "rev": "b9dec6d59f5403ee42335b26b0105c699c0cf100",
        "type": "github"
      },
      "original": {
        "owner": "nixos",
        "repo": "nixpkgs",
        "type": "github"
      }
    },
    "nur": {
      "locked": {
        "lastModified": 1732290590,
        "narHash": "sha256-5D23UhDnXUd+vMpULEqzNDxVgqN5s+5FWgCG+Ylf020=",
        "owner": "nix-community",
        "repo": "nur",
        "rev": "7efb4610277ec246d7a1d37655f9471fc4defbfc",
        "type": "github"
      },
      "original": {
        "owner": "nix-community",
        "repo": "nur",
        "type": "github"
      }
    },
    "root": {
      "inputs": {
        "fenix": "fenix",
        "home-manager": "home-manager",
        "nixpkgs": "nixpkgs_2",
        "nixpkgs-mozilla": "nixpkgs-mozilla",
        "nur": "nur",
        "user.js": "user.js"
      }
    },
    "rust-analyzer-src": {
      "flake": false,
      "locked": {
        "lastModified": 1732050317,
        "narHash": "sha256-G5LUEOC4kvB/Xbkglv0Noi04HnCfryur7dVjzlHkgpI=",
        "owner": "rust-lang",
        "repo": "rust-analyzer",
        "rev": "c0bbbb3e5d7d1d1d60308c8270bfd5b250032bb4",
        "type": "github"
      },
      "original": {
        "owner": "rust-lang",
        "ref": "nightly",
        "repo": "rust-analyzer",
        "type": "github"
      }
    },
    "user.js": {
      "flake": false,
      "locked": {
        "lastModified": 1731156949,
        "narHash": "sha256-0qwqVc3hrpbQMMJOhbelSrR8cZOqLLWs4T+qyeHfiAc=",
        "owner": "arkenfox",
        "repo": "user.js",
        "rev": "eae5762d29f18115fbffd73d89bd9e2510b25427",
        "type": "github"
      },
      "original": {
        "owner": "arkenfox",
        "repo": "user.js",
        "type": "github"
      }
    }
  },
  "root": "root",
  "version": 7
}
